// !$*UTF8*$!
{
	archiveVersion = 1;
	classes = {
	};
	objectVersion = 56;
	objects = {

/* Begin PBXBuildFile section */
		93A177D828BF42C800EA7787 /* LandmarksApp.swift in Sources */ = {isa = PBXBuildFile; fileRef = 93A177D728BF42C800EA7787 /* LandmarksApp.swift */; };
		93A177DA28BF42C800EA7787 /* ContentView.swift in Sources */ = {isa = PBXBuildFile; fileRef = 93A177D928BF42C800EA7787 /* ContentView.swift */; };
		93A177DC28BF42C900EA7787 /* Assets.xcassets in Resources */ = {isa = PBXBuildFile; fileRef = 93A177DB28BF42C900EA7787 /* Assets.xcassets */; };
		93A177DF28BF42C900EA7787 /* Preview Assets.xcassets in Resources */ = {isa = PBXBuildFile; fileRef = 93A177DE28BF42C900EA7787 /* Preview Assets.xcassets */; };
		93A177E928BF42C900EA7787 /* LandmarksTests.swift in Sources */ = {isa = PBXBuildFile; fileRef = 93A177E828BF42C900EA7787 /* LandmarksTests.swift */; };
		93A177F328BF42C900EA7787 /* LandmarksUITests.swift in Sources */ = {isa = PBXBuildFile; fileRef = 93A177F228BF42C900EA7787 /* LandmarksUITests.swift */; };
		93A177F528BF42C900EA7787 /* LandmarksUITestsLaunchTests.swift in Sources */ = {isa = PBXBuildFile; fileRef = 93A177F428BF42C900EA7787 /* LandmarksUITestsLaunchTests.swift */; };
		93A1780228BF4F1800EA7787 /* CircleImage.swift in Sources */ = {isa = PBXBuildFile; fileRef = 93A1780128BF4F1800EA7787 /* CircleImage.swift */; };
		93A1780428BF502200EA7787 /* MapView.swift in Sources */ = {isa = PBXBuildFile; fileRef = 93A1780328BF502200EA7787 /* MapView.swift */; };
		93A1780628BF55AB00EA7787 /* Landmark.swift in Sources */ = {isa = PBXBuildFile; fileRef = 93A1780528BF55AB00EA7787 /* Landmark.swift */; };
		93A1780828BF583700EA7787 /* ModelData.swift in Sources */ = {isa = PBXBuildFile; fileRef = 93A1780728BF583700EA7787 /* ModelData.swift */; };
		93A1780D28BF5E0D00EA7787 /* landmarkData.json in Resources */ = {isa = PBXBuildFile; fileRef = 93A1780C28BF5E0D00EA7787 /* landmarkData.json */; };
		93A1780F28BF5EC100EA7787 /* LandmarkRow.swift in Sources */ = {isa = PBXBuildFile; fileRef = 93A1780E28BF5EC100EA7787 /* LandmarkRow.swift */; };
		93A1781128C047BD00EA7787 /* LandmarkList.swift in Sources */ = {isa = PBXBuildFile; fileRef = 93A1781028C047BD00EA7787 /* LandmarkList.swift */; };
		93A1781528C08A2F00EA7787 /* LandmarkDetail.swift in Sources */ = {isa = PBXBuildFile; fileRef = 93A1781428C08A2F00EA7787 /* LandmarkDetail.swift */; };
		93A1781728C09FFE00EA7787 /* FavoriteButton.swift in Sources */ = {isa = PBXBuildFile; fileRef = 93A1781628C09FFE00EA7787 /* FavoriteButton.swift */; };
/* End PBXBuildFile section */

/* Begin PBXContainerItemProxy section */
		93A177E528BF42C900EA7787 /* PBXContainerItemProxy */ = {
			isa = PBXContainerItemProxy;
			containerPortal = 93A177CC28BF42C800EA7787 /* Project object */;
			proxyType = 1;
			remoteGlobalIDString = 93A177D328BF42C800EA7787;
			remoteInfo = Landmarks;
		};
		93A177EF28BF42C900EA7787 /* PBXContainerItemProxy */ = {
			isa = PBXContainerItemProxy;
			containerPortal = 93A177CC28BF42C800EA7787 /* Project object */;
			proxyType = 1;
			remoteGlobalIDString = 93A177D328BF42C800EA7787;
			remoteInfo = Landmarks;
		};
/* End PBXContainerItemProxy section */

/* Begin PBXFileReference section */
		93A177D428BF42C800EA7787 /* Landmarks.app */ = {isa = PBXFileReference; explicitFileType = wrapper.application; includeInIndex = 0; path = Landmarks.app; sourceTree = BUILT_PRODUCTS_DIR; };
		93A177D728BF42C800EA7787 /* LandmarksApp.swift */ = {isa = PBXFileReference; lastKnownFileType = sourcecode.swift; path = LandmarksApp.swift; sourceTree = "<group>"; };
		93A177D928BF42C800EA7787 /* ContentView.swift */ = {isa = PBXFileReference; lastKnownFileType = sourcecode.swift; path = ContentView.swift; sourceTree = "<group>"; };
		93A177DB28BF42C900EA7787 /* Assets.xcassets */ = {isa = PBXFileReference; lastKnownFileType = folder.assetcatalog; path = Assets.xcassets; sourceTree = "<group>"; };
		93A177DE28BF42C900EA7787 /* Preview Assets.xcassets */ = {isa = PBXFileReference; lastKnownFileType = folder.assetcatalog; path = "Preview Assets.xcassets"; sourceTree = "<group>"; };
		93A177E428BF42C900EA7787 /* LandmarksTests.xctest */ = {isa = PBXFileReference; explicitFileType = wrapper.cfbundle; includeInIndex = 0; path = LandmarksTests.xctest; sourceTree = BUILT_PRODUCTS_DIR; };
		93A177E828BF42C900EA7787 /* LandmarksTests.swift */ = {isa = PBXFileReference; lastKnownFileType = sourcecode.swift; path = LandmarksTests.swift; sourceTree = "<group>"; };
		93A177EE28BF42C900EA7787 /* LandmarksUITests.xctest */ = {isa = PBXFileReference; explicitFileType = wrapper.cfbundle; includeInIndex = 0; path = LandmarksUITests.xctest; sourceTree = BUILT_PRODUCTS_DIR; };
		93A177F228BF42C900EA7787 /* LandmarksUITests.swift */ = {isa = PBXFileReference; lastKnownFileType = sourcecode.swift; path = LandmarksUITests.swift; sourceTree = "<group>"; };
		93A177F428BF42C900EA7787 /* LandmarksUITestsLaunchTests.swift */ = {isa = PBXFileReference; lastKnownFileType = sourcecode.swift; path = LandmarksUITestsLaunchTests.swift; sourceTree = "<group>"; };
		93A1780128BF4F1800EA7787 /* CircleImage.swift */ = {isa = PBXFileReference; lastKnownFileType = sourcecode.swift; path = CircleImage.swift; sourceTree = "<group>"; };
		93A1780328BF502200EA7787 /* MapView.swift */ = {isa = PBXFileReference; lastKnownFileType = sourcecode.swift; path = MapView.swift; sourceTree = "<group>"; };
		93A1780528BF55AB00EA7787 /* Landmark.swift */ = {isa = PBXFileReference; lastKnownFileType = sourcecode.swift; path = Landmark.swift; sourceTree = "<group>"; };
		93A1780728BF583700EA7787 /* ModelData.swift */ = {isa = PBXFileReference; lastKnownFileType = sourcecode.swift; path = ModelData.swift; sourceTree = "<group>"; };
		93A1780C28BF5E0D00EA7787 /* landmarkData.json */ = {isa = PBXFileReference; fileEncoding = 4; lastKnownFileType = text.json; path = landmarkData.json; sourceTree = "<group>"; };
		93A1780E28BF5EC100EA7787 /* LandmarkRow.swift */ = {isa = PBXFileReference; lastKnownFileType = sourcecode.swift; path = LandmarkRow.swift; sourceTree = "<group>"; };
		93A1781028C047BD00EA7787 /* LandmarkList.swift */ = {isa = PBXFileReference; lastKnownFileType = sourcecode.swift; path = LandmarkList.swift; sourceTree = "<group>"; };
		93A1781428C08A2F00EA7787 /* LandmarkDetail.swift */ = {isa = PBXFileReference; lastKnownFileType = sourcecode.swift; path = LandmarkDetail.swift; sourceTree = "<group>"; };
		93A1781628C09FFE00EA7787 /* FavoriteButton.swift */ = {isa = PBXFileReference; lastKnownFileType = sourcecode.swift; path = FavoriteButton.swift; sourceTree = "<group>"; };
/* End PBXFileReference section */

/* Begin PBXFrameworksBuildPhase section */
		93A177D128BF42C800EA7787 /* Frameworks */ = {
			isa = PBXFrameworksBuildPhase;
			buildActionMask = 2147483647;
			files = (
			);
			runOnlyForDeploymentPostprocessing = 0;
		};
		93A177E128BF42C900EA7787 /* Frameworks */ = {
			isa = PBXFrameworksBuildPhase;
			buildActionMask = 2147483647;
			files = (
			);
			runOnlyForDeploymentPostprocessing = 0;
		};
		93A177EB28BF42C900EA7787 /* Frameworks */ = {
			isa = PBXFrameworksBuildPhase;
			buildActionMask = 2147483647;
			files = (
			);
			runOnlyForDeploymentPostprocessing = 0;
		};
/* End PBXFrameworksBuildPhase section */

/* Begin PBXGroup section */
		93A177CB28BF42C800EA7787 = {
			isa = PBXGroup;
			children = (
				93A177D628BF42C800EA7787 /* Landmarks */,
				93A177E728BF42C900EA7787 /* LandmarksTests */,
				93A177F128BF42C900EA7787 /* LandmarksUITests */,
				93A177D528BF42C800EA7787 /* Products */,
			);
			sourceTree = "<group>";
		};
		93A177D528BF42C800EA7787 /* Products */ = {
			isa = PBXGroup;
			children = (
				93A177D428BF42C800EA7787 /* Landmarks.app */,
				93A177E428BF42C900EA7787 /* LandmarksTests.xctest */,
				93A177EE28BF42C900EA7787 /* LandmarksUITests.xctest */,
			);
			name = Products;
			sourceTree = "<group>";
		};
		93A177D628BF42C800EA7787 /* Landmarks */ = {
			isa = PBXGroup;
			children = (
				93A1780B28BF5DFA00EA7787 /* Resources */,
				93A1780A28BF5DDE00EA7787 /* Model */,
				93A1780928BF5DB300EA7787 /* Views */,
				93A177D728BF42C800EA7787 /* LandmarksApp.swift */,
				93A177DB28BF42C900EA7787 /* Assets.xcassets */,
				93A177DD28BF42C900EA7787 /* Preview Content */,
			);
			path = Landmarks;
			sourceTree = "<group>";
		};
		93A177DD28BF42C900EA7787 /* Preview Content */ = {
			isa = PBXGroup;
			children = (
				93A177DE28BF42C900EA7787 /* Preview Assets.xcassets */,
			);
			path = "Preview Content";
			sourceTree = "<group>";
		};
		93A177E728BF42C900EA7787 /* LandmarksTests */ = {
			isa = PBXGroup;
			children = (
				93A177E828BF42C900EA7787 /* LandmarksTests.swift */,
			);
			path = LandmarksTests;
			sourceTree = "<group>";
		};
		93A177F128BF42C900EA7787 /* LandmarksUITests */ = {
			isa = PBXGroup;
			children = (
				93A177F228BF42C900EA7787 /* LandmarksUITests.swift */,
				93A177F428BF42C900EA7787 /* LandmarksUITestsLaunchTests.swift */,
			);
			path = LandmarksUITests;
			sourceTree = "<group>";
		};
		93A1780928BF5DB300EA7787 /* Views */ = {
			isa = PBXGroup;
			children = (
				93A1781928C0A16800EA7787 /* Helpers */,
				93A1781828C0A15500EA7787 /* Landmarks */,
				93A177D928BF42C800EA7787 /* ContentView.swift */,
			);
			path = Views;
			sourceTree = "<group>";
		};
		93A1780A28BF5DDE00EA7787 /* Model */ = {
			isa = PBXGroup;
			children = (
				93A1780528BF55AB00EA7787 /* Landmark.swift */,
				93A1780728BF583700EA7787 /* ModelData.swift */,
			);
			path = Model;
			sourceTree = "<group>";
		};
		93A1780B28BF5DFA00EA7787 /* Resources */ = {
			isa = PBXGroup;
			children = (
				93A1780C28BF5E0D00EA7787 /* landmarkData.json */,
			);
			path = Resources;
			sourceTree = "<group>";
		};
		93A1781828C0A15500EA7787 /* Landmarks */ = {
			isa = PBXGroup;
			children = (
				93A1780E28BF5EC100EA7787 /* LandmarkRow.swift */,
				93A1781028C047BD00EA7787 /* LandmarkList.swift */,
				93A1781428C08A2F00EA7787 /* LandmarkDetail.swift */,
			);
			path = Landmarks;
			sourceTree = "<group>";
		};
		93A1781928C0A16800EA7787 /* Helpers */ = {
			isa = PBXGroup;
			children = (
				93A1780128BF4F1800EA7787 /* CircleImage.swift */,
				93A1780328BF502200EA7787 /* MapView.swift */,
				93A1781628C09FFE00EA7787 /* FavoriteButton.swift */,
			);
			path = Helpers;
			sourceTree = "<group>";
		};
/* End PBXGroup section */

/* Begin PBXNativeTarget section */
		93A177D328BF42C800EA7787 /* Landmarks */ = {
			isa = PBXNativeTarget;
			buildConfigurationList = 93A177F828BF42C900EA7787 /* Build configuration list for PBXNativeTarget "Landmarks" */;
			buildPhases = (
				93A177D028BF42C800EA7787 /* Sources */,
				93A177D128BF42C800EA7787 /* Frameworks */,
				93A177D228BF42C800EA7787 /* Resources */,
			);
			buildRules = (
			);
			dependencies = (
			);
			name = Landmarks;
			productName = Landmarks;
			productReference = 93A177D428BF42C800EA7787 /* Landmarks.app */;
			productType = "com.apple.product-type.application";
		};
		93A177E328BF42C900EA7787 /* LandmarksTests */ = {
			isa = PBXNativeTarget;
			buildConfigurationList = 93A177FB28BF42C900EA7787 /* Build configuration list for PBXNativeTarget "LandmarksTests" */;
			buildPhases = (
				93A177E028BF42C900EA7787 /* Sources */,
				93A177E128BF42C900EA7787 /* Frameworks */,
				93A177E228BF42C900EA7787 /* Resources */,
			);
			buildRules = (
			);
			dependencies = (
				93A177E628BF42C900EA7787 /* PBXTargetDependency */,
			);
			name = LandmarksTests;
			productName = LandmarksTests;
			productReference = 93A177E428BF42C900EA7787 /* LandmarksTests.xctest */;
			productType = "com.apple.product-type.bundle.unit-test";
		};
		93A177ED28BF42C900EA7787 /* LandmarksUITests */ = {
			isa = PBXNativeTarget;
			buildConfigurationList = 93A177FE28BF42C900EA7787 /* Build configuration list for PBXNativeTarget "LandmarksUITests" */;
			buildPhases = (
				93A177EA28BF42C900EA7787 /* Sources */,
				93A177EB28BF42C900EA7787 /* Frameworks */,
				93A177EC28BF42C900EA7787 /* Resources */,
			);
			buildRules = (
			);
			dependencies = (
				93A177F028BF42C900EA7787 /* PBXTargetDependency */,
			);
			name = LandmarksUITests;
			productName = LandmarksUITests;
			productReference = 93A177EE28BF42C900EA7787 /* LandmarksUITests.xctest */;
			productType = "com.apple.product-type.bundle.ui-testing";
		};
/* End PBXNativeTarget section */

/* Begin PBXProject section */
		93A177CC28BF42C800EA7787 /* Project object */ = {
			isa = PBXProject;
			attributes = {
				BuildIndependentTargetsInParallel = 1;
				LastSwiftUpdateCheck = 1400;
				LastUpgradeCheck = 1400;
				TargetAttributes = {
					93A177D328BF42C800EA7787 = {
						CreatedOnToolsVersion = 14.0;
					};
					93A177E328BF42C900EA7787 = {
						CreatedOnToolsVersion = 14.0;
						TestTargetID = 93A177D328BF42C800EA7787;
					};
					93A177ED28BF42C900EA7787 = {
						CreatedOnToolsVersion = 14.0;
						TestTargetID = 93A177D328BF42C800EA7787;
					};
				};
			};
			buildConfigurationList = 93A177CF28BF42C800EA7787 /* Build configuration list for PBXProject "Landmarks" */;
			compatibilityVersion = "Xcode 14.0";
			developmentRegion = en;
			hasScannedForEncodings = 0;
			knownRegions = (
				en,
				Base,
			);
			mainGroup = 93A177CB28BF42C800EA7787;
			productRefGroup = 93A177D528BF42C800EA7787 /* Products */;
			projectDirPath = "";
			projectRoot = "";
			targets = (
				93A177D328BF42C800EA7787 /* Landmarks */,
				93A177E328BF42C900EA7787 /* LandmarksTests */,
				93A177ED28BF42C900EA7787 /* LandmarksUITests */,
			);
		};
/* End PBXProject section */

/* Begin PBXResourcesBuildPhase section */
		93A177D228BF42C800EA7787 /* Resources */ = {
			isa = PBXResourcesBuildPhase;
			buildActionMask = 2147483647;
			files = (
				93A177DF28BF42C900EA7787 /* Preview Assets.xcassets in Resources */,
				93A177DC28BF42C900EA7787 /* Assets.xcassets in Resources */,
				93A1780D28BF5E0D00EA7787 /* landmarkData.json in Resources */,
			);
			runOnlyForDeploymentPostprocessing = 0;
		};
		93A177E228BF42C900EA7787 /* Resources */ = {
			isa = PBXResourcesBuildPhase;
			buildActionMask = 2147483647;
			files = (
			);
			runOnlyForDeploymentPostprocessing = 0;
		};
		93A177EC28BF42C900EA7787 /* Resources */ = {
			isa = PBXResourcesBuildPhase;
			buildActionMask = 2147483647;
			files = (
			);
			runOnlyForDeploymentPostprocessing = 0;
		};
/* End PBXResourcesBuildPhase section */

/* Begin PBXSourcesBuildPhase section */
		93A177D028BF42C800EA7787 /* Sources */ = {
			isa = PBXSourcesBuildPhase;
			buildActionMask = 2147483647;
			files = (
				93A1780628BF55AB00EA7787 /* Landmark.swift in Sources */,
				93A177DA28BF42C800EA7787 /* ContentView.swift in Sources */,
				93A1780428BF502200EA7787 /* MapView.swift in Sources */,
				93A1781728C09FFE00EA7787 /* FavoriteButton.swift in Sources */,
				93A1781128C047BD00EA7787 /* LandmarkList.swift in Sources */,
				93A1781528C08A2F00EA7787 /* LandmarkDetail.swift in Sources */,
				93A177D828BF42C800EA7787 /* LandmarksApp.swift in Sources */,
				93A1780228BF4F1800EA7787 /* CircleImage.swift in Sources */,
				93A1780F28BF5EC100EA7787 /* LandmarkRow.swift in Sources */,
				93A1780828BF583700EA7787 /* ModelData.swift in Sources */,
			);
			runOnlyForDeploymentPostprocessing = 0;
		};
		93A177E028BF42C900EA7787 /* Sources */ = {
			isa = PBXSourcesBuildPhase;
			buildActionMask = 2147483647;
			files = (
				93A177E928BF42C900EA7787 /* LandmarksTests.swift in Sources */,
			);
			runOnlyForDeploymentPostprocessing = 0;
		};
		93A177EA28BF42C900EA7787 /* Sources */ = {
			isa = PBXSourcesBuildPhase;
			buildActionMask = 2147483647;
			files = (
				93A177F528BF42C900EA7787 /* LandmarksUITestsLaunchTests.swift in Sources */,
				93A177F328BF42C900EA7787 /* LandmarksUITests.swift in Sources */,
			);
			runOnlyForDeploymentPostprocessing = 0;
		};
/* End PBXSourcesBuildPhase section */

/* Begin PBXTargetDependency section */
		93A177E628BF42C900EA7787 /* PBXTargetDependency */ = {
			isa = PBXTargetDependency;
			target = 93A177D328BF42C800EA7787 /* Landmarks */;
			targetProxy = 93A177E528BF42C900EA7787 /* PBXContainerItemProxy */;
		};
		93A177F028BF42C900EA7787 /* PBXTargetDependency */ = {
			isa = PBXTargetDependency;
			target = 93A177D328BF42C800EA7787 /* Landmarks */;
			targetProxy = 93A177EF28BF42C900EA7787 /* PBXContainerItemProxy */;
		};
/* End PBXTargetDependency section */

/* Begin XCBuildConfiguration section */
		93A177F628BF42C900EA7787 /* Debug */ = {
			isa = XCBuildConfiguration;
			buildSettings = {
				ALWAYS_SEARCH_USER_PATHS = NO;
				CLANG_ANALYZER_NONNULL = YES;
				CLANG_ANALYZER_NUMBER_OBJECT_CONVERSION = YES_AGGRESSIVE;
				CLANG_CXX_LANGUAGE_STANDARD = "gnu++20";
				CLANG_ENABLE_MODULES = YES;
				CLANG_ENABLE_OBJC_ARC = YES;
				CLANG_ENABLE_OBJC_WEAK = YES;
				CLANG_WARN_BLOCK_CAPTURE_AUTORELEASING = YES;
				CLANG_WARN_BOOL_CONVERSION = YES;
				CLANG_WARN_COMMA = YES;
				CLANG_WARN_CONSTANT_CONVERSION = YES;
				CLANG_WARN_DEPRECATED_OBJC_IMPLEMENTATIONS = YES;
				CLANG_WARN_DIRECT_OBJC_ISA_USAGE = YES_ERROR;
				CLANG_WARN_DOCUMENTATION_COMMENTS = YES;
				CLANG_WARN_EMPTY_BODY = YES;
				CLANG_WARN_ENUM_CONVERSION = YES;
				CLANG_WARN_INFINITE_RECURSION = YES;
				CLANG_WARN_INT_CONVERSION = YES;
				CLANG_WARN_NON_LITERAL_NULL_CONVERSION = YES;
				CLANG_WARN_OBJC_IMPLICIT_RETAIN_SELF = YES;
				CLANG_WARN_OBJC_LITERAL_CONVERSION = YES;
				CLANG_WARN_OBJC_ROOT_CLASS = YES_ERROR;
				CLANG_WARN_QUOTED_INCLUDE_IN_FRAMEWORK_HEADER = YES;
				CLANG_WARN_RANGE_LOOP_ANALYSIS = YES;
				CLANG_WARN_STRICT_PROTOTYPES = YES;
				CLANG_WARN_SUSPICIOUS_MOVE = YES;
				CLANG_WARN_UNGUARDED_AVAILABILITY = YES_AGGRESSIVE;
				CLANG_WARN_UNREACHABLE_CODE = YES;
				CLANG_WARN__DUPLICATE_METHOD_MATCH = YES;
				COPY_PHASE_STRIP = NO;
				DEBUG_INFORMATION_FORMAT = dwarf;
				ENABLE_STRICT_OBJC_MSGSEND = YES;
				ENABLE_TESTABILITY = YES;
				GCC_C_LANGUAGE_STANDARD = gnu11;
				GCC_DYNAMIC_NO_PIC = NO;
				GCC_NO_COMMON_BLOCKS = YES;
				GCC_OPTIMIZATION_LEVEL = 0;
				GCC_PREPROCESSOR_DEFINITIONS = (
					"DEBUG=1",
					"$(inherited)",
				);
				GCC_WARN_64_TO_32_BIT_CONVERSION = YES;
				GCC_WARN_ABOUT_RETURN_TYPE = YES_ERROR;
				GCC_WARN_UNDECLARED_SELECTOR = YES;
				GCC_WARN_UNINITIALIZED_AUTOS = YES_AGGRESSIVE;
				GCC_WARN_UNUSED_FUNCTION = YES;
				GCC_WARN_UNUSED_VARIABLE = YES;
				IPHONEOS_DEPLOYMENT_TARGET = 16.0;
				MTL_ENABLE_DEBUG_INFO = INCLUDE_SOURCE;
				MTL_FAST_MATH = YES;
				ONLY_ACTIVE_ARCH = YES;
				SDKROOT = iphoneos;
				SWIFT_ACTIVE_COMPILATION_CONDITIONS = DEBUG;
				SWIFT_OPTIMIZATION_LEVEL = "-Onone";
			};
			name = Debug;
		};
		93A177F728BF42C900EA7787 /* Release */ = {
			isa = XCBuildConfiguration;
			buildSettings = {
				ALWAYS_SEARCH_USER_PATHS = NO;
				CLANG_ANALYZER_NONNULL = YES;
				CLANG_ANALYZER_NUMBER_OBJECT_CONVERSION = YES_AGGRESSIVE;
				CLANG_CXX_LANGUAGE_STANDARD = "gnu++20";
				CLANG_ENABLE_MODULES = YES;
				CLANG_ENABLE_OBJC_ARC = YES;
				CLANG_ENABLE_OBJC_WEAK = YES;
				CLANG_WARN_BLOCK_CAPTURE_AUTORELEASING = YES;
				CLANG_WARN_BOOL_CONVERSION = YES;
				CLANG_WARN_COMMA = YES;
				CLANG_WARN_CONSTANT_CONVERSION = YES;
				CLANG_WARN_DEPRECATED_OBJC_IMPLEMENTATIONS = YES;
				CLANG_WARN_DIRECT_OBJC_ISA_USAGE = YES_ERROR;
				CLANG_WARN_DOCUMENTATION_COMMENTS = YES;
				CLANG_WARN_EMPTY_BODY = YES;
				CLANG_WARN_ENUM_CONVERSION = YES;
				CLANG_WARN_INFINITE_RECURSION = YES;
				CLANG_WARN_INT_CONVERSION = YES;
				CLANG_WARN_NON_LITERAL_NULL_CONVERSION = YES;
				CLANG_WARN_OBJC_IMPLICIT_RETAIN_SELF = YES;
				CLANG_WARN_OBJC_LITERAL_CONVERSION = YES;
				CLANG_WARN_OBJC_ROOT_CLASS = YES_ERROR;
				CLANG_WARN_QUOTED_INCLUDE_IN_FRAMEWORK_HEADER = YES;
				CLANG_WARN_RANGE_LOOP_ANALYSIS = YES;
				CLANG_WARN_STRICT_PROTOTYPES = YES;
				CLANG_WARN_SUSPICIOUS_MOVE = YES;
				CLANG_WARN_UNGUARDED_AVAILABILITY = YES_AGGRESSIVE;
				CLANG_WARN_UNREACHABLE_CODE = YES;
				CLANG_WARN__DUPLICATE_METHOD_MATCH = YES;
				COPY_PHASE_STRIP = NO;
				DEBUG_INFORMATION_FORMAT = "dwarf-with-dsym";
				ENABLE_NS_ASSERTIONS = NO;
				ENABLE_STRICT_OBJC_MSGSEND = YES;
				GCC_C_LANGUAGE_STANDARD = gnu11;
				GCC_NO_COMMON_BLOCKS = YES;
				GCC_WARN_64_TO_32_BIT_CONVERSION = YES;
				GCC_WARN_ABOUT_RETURN_TYPE = YES_ERROR;
				GCC_WARN_UNDECLARED_SELECTOR = YES;
				GCC_WARN_UNINITIALIZED_AUTOS = YES_AGGRESSIVE;
				GCC_WARN_UNUSED_FUNCTION = YES;
				GCC_WARN_UNUSED_VARIABLE = YES;
				IPHONEOS_DEPLOYMENT_TARGET = 16.0;
				MTL_ENABLE_DEBUG_INFO = NO;
				MTL_FAST_MATH = YES;
				SDKROOT = iphoneos;
				SWIFT_COMPILATION_MODE = wholemodule;
				SWIFT_OPTIMIZATION_LEVEL = "-O";
				VALIDATE_PRODUCT = YES;
			};
			name = Release;
		};
		93A177F928BF42C900EA7787 /* Debug */ = {
			isa = XCBuildConfiguration;
			buildSettings = {
				ASSETCATALOG_COMPILER_APPICON_NAME = AppIcon;
				ASSETCATALOG_COMPILER_GLOBAL_ACCENT_COLOR_NAME = AccentColor;
				CODE_SIGN_STYLE = Automatic;
				CURRENT_PROJECT_VERSION = 1;
				DEVELOPMENT_ASSET_PATHS = "\"Landmarks/Preview Content\"";
				DEVELOPMENT_TEAM = UYGG4AXKH5;
				ENABLE_PREVIEWS = YES;
				GENERATE_INFOPLIST_FILE = YES;
				INFOPLIST_KEY_UIApplicationSceneManifest_Generation = YES;
				INFOPLIST_KEY_UIApplicationSupportsIndirectInputEvents = YES;
				INFOPLIST_KEY_UILaunchScreen_Generation = YES;
				INFOPLIST_KEY_UISupportedInterfaceOrientations_iPad = "UIInterfaceOrientationPortrait UIInterfaceOrientationPortraitUpsideDown UIInterfaceOrientationLandscapeLeft UIInterfaceOrientationLandscapeRight";
				INFOPLIST_KEY_UISupportedInterfaceOrientations_iPhone = "UIInterfaceOrientationPortrait UIInterfaceOrientationLandscapeLeft UIInterfaceOrientationLandscapeRight";
				LD_RUNPATH_SEARCH_PATHS = (
					"$(inherited)",
					"@executable_path/Frameworks",
				);
				MARKETING_VERSION = 1.0;
				PRODUCT_BUNDLE_IDENTIFIER = break.Landmarks;
				PRODUCT_NAME = "$(TARGET_NAME)";
				SWIFT_EMIT_LOC_STRINGS = YES;
				SWIFT_VERSION = 5.0;
				TARGETED_DEVICE_FAMILY = "1,2";
			};
			name = Debug;
		};
		93A177FA28BF42C900EA7787 /* Release */ = {
			isa = XCBuildConfiguration;
			buildSettings = {
				ASSETCATALOG_COMPILER_APPICON_NAME = AppIcon;
				ASSETCATALOG_COMPILER_GLOBAL_ACCENT_COLOR_NAME = AccentColor;
				CODE_SIGN_STYLE = Automatic;
				CURRENT_PROJECT_VERSION = 1;
				DEVELOPMENT_ASSET_PATHS = "\"Landmarks/Preview Content\"";
				DEVELOPMENT_TEAM = UYGG4AXKH5;
				ENABLE_PREVIEWS = YES;
				GENERATE_INFOPLIST_FILE = YES;
				INFOPLIST_KEY_UIApplicationSceneManifest_Generation = YES;
				INFOPLIST_KEY_UIApplicationSupportsIndirectInputEvents = YES;
				INFOPLIST_KEY_UILaunchScreen_Generation = YES;
				INFOPLIST_KEY_UISupportedInterfaceOrientations_iPad = "UIInterfaceOrientationPortrait UIInterfaceOrientationPortraitUpsideDown UIInterfaceOrientationLandscapeLeft UIInterfaceOrientationLandscapeRight";
				INFOPLIST_KEY_UISupportedInterfaceOrientations_iPhone = "UIInterfaceOrientationPortrait UIInterfaceOrientationLandscapeLeft UIInterfaceOrientationLandscapeRight";
				LD_RUNPATH_SEARCH_PATHS = (
					"$(inherited)",
					"@executable_path/Frameworks",
				);
				MARKETING_VERSION = 1.0;
				PRODUCT_BUNDLE_IDENTIFIER = break.Landmarks;
				PRODUCT_NAME = "$(TARGET_NAME)";
				SWIFT_EMIT_LOC_STRINGS = YES;
				SWIFT_VERSION = 5.0;
				TARGETED_DEVICE_FAMILY = "1,2";
			};
			name = Release;
		};
		93A177FC28BF42C900EA7787 /* Debug */ = {
			isa = XCBuildConfiguration;
			buildSettings = {
				ALWAYS_EMBED_SWIFT_STANDARD_LIBRARIES = YES;
				BUNDLE_LOADER = "$(TEST_HOST)";
				CODE_SIGN_STYLE = Automatic;
				CURRENT_PROJECT_VERSION = 1;
				DEVELOPMENT_TEAM = UYGG4AXKH5;
				GENERATE_INFOPLIST_FILE = YES;
				IPHONEOS_DEPLOYMENT_TARGET = 16.0;
				MARKETING_VERSION = 1.0;
				PRODUCT_BUNDLE_IDENTIFIER = break.LandmarksTests;
				PRODUCT_NAME = "$(TARGET_NAME)";
				SWIFT_EMIT_LOC_STRINGS = NO;
				SWIFT_VERSION = 5.0;
				TARGETED_DEVICE_FAMILY = "1,2";
				TEST_HOST = "$(BUILT_PRODUCTS_DIR)/Landmarks.app/$(BUNDLE_EXECUTABLE_FOLDER_PATH)/Landmarks";
			};
			name = Debug;
		};
		93A177FD28BF42C900EA7787 /* Release */ = {
			isa = XCBuildConfiguration;
			buildSettings = {
				ALWAYS_EMBED_SWIFT_STANDARD_LIBRARIES = YES;
				BUNDLE_LOADER = "$(TEST_HOST)";
				CODE_SIGN_STYLE = Automatic;
				CURRENT_PROJECT_VERSION = 1;
				DEVELOPMENT_TEAM = UYGG4AXKH5;
				GENERATE_INFOPLIST_FILE = YES;
				IPHONEOS_DEPLOYMENT_TARGET = 16.0;
				MARKETING_VERSION = 1.0;
				PRODUCT_BUNDLE_IDENTIFIER = break.LandmarksTests;
				PRODUCT_NAME = "$(TARGET_NAME)";
				SWIFT_EMIT_LOC_STRINGS = NO;
				SWIFT_VERSION = 5.0;
				TARGETED_DEVICE_FAMILY = "1,2";
				TEST_HOST = "$(BUILT_PRODUCTS_DIR)/Landmarks.app/$(BUNDLE_EXECUTABLE_FOLDER_PATH)/Landmarks";
			};
			name = Release;
		};
		93A177FF28BF42C900EA7787 /* Debug */ = {
			isa = XCBuildConfiguration;
			buildSettings = {
				ALWAYS_EMBED_SWIFT_STANDARD_LIBRARIES = YES;
				CODE_SIGN_STYLE = Automatic;
				CURRENT_PROJECT_VERSION = 1;
				DEVELOPMENT_TEAM = UYGG4AXKH5;
				GENERATE_INFOPLIST_FILE = YES;
				MARKETING_VERSION = 1.0;
				PRODUCT_BUNDLE_IDENTIFIER = break.LandmarksUITests;
				PRODUCT_NAME = "$(TARGET_NAME)";
				SWIFT_EMIT_LOC_STRINGS = NO;
				SWIFT_VERSION = 5.0;
				TARGETED_DEVICE_FAMILY = "1,2";
				TEST_TARGET_NAME = Landmarks;
			};
			name = Debug;
		};
		93A1780028BF42C900EA7787 /* Release */ = {
			isa = XCBuildConfiguration;
			buildSettings = {
				ALWAYS_EMBED_SWIFT_STANDARD_LIBRARIES = YES;
				CODE_SIGN_STYLE = Automatic;
				CURRENT_PROJECT_VERSION = 1;
				DEVELOPMENT_TEAM = UYGG4AXKH5;
				GENERATE_INFOPLIST_FILE = YES;
				MARKETING_VERSION = 1.0;
				PRODUCT_BUNDLE_IDENTIFIER = break.LandmarksUITests;
				PRODUCT_NAME = "$(TARGET_NAME)";
				SWIFT_EMIT_LOC_STRINGS = NO;
				SWIFT_VERSION = 5.0;
				TARGETED_DEVICE_FAMILY = "1,2";
				TEST_TARGET_NAME = Landmarks;
			};
			name = Release;
		};
/* End XCBuildConfiguration section */

/* Begin XCConfigurationList section */
		93A177CF28BF42C800EA7787 /* Build configuration list for PBXProject "Landmarks" */ = {
			isa = XCConfigurationList;
			buildConfigurations = (
				93A177F628BF42C900EA7787 /* Debug */,
				93A177F728BF42C900EA7787 /* Release */,
			);
			defaultConfigurationIsVisible = 0;
			defaultConfigurationName = Release;
		};
		93A177F828BF42C900EA7787 /* Build configuration list for PBXNativeTarget "Landmarks" */ = {
			isa = XCConfigurationList;
			buildConfigurations = (
				93A177F928BF42C900EA7787 /* Debug */,
				93A177FA28BF42C900EA7787 /* Release */,
			);
			defaultConfigurationIsVisible = 0;
			defaultConfigurationName = Release;
		};
		93A177FB28BF42C900EA7787 /* Build configuration list for PBXNativeTarget "LandmarksTests" */ = {
			isa = XCConfigurationList;
			buildConfigurations = (
				93A177FC28BF42C900EA7787 /* Debug */,
				93A177FD28BF42C900EA7787 /* Release */,
			);
			defaultConfigurationIsVisible = 0;
			defaultConfigurationName = Release;
		};
		93A177FE28BF42C900EA7787 /* Build configuration list for PBXNativeTarget "LandmarksUITests" */ = {
			isa = XCConfigurationList;
			buildConfigurations = (
				93A177FF28BF42C900EA7787 /* Debug */,
				93A1780028BF42C900EA7787 /* Release */,
			);
			defaultConfigurationIsVisible = 0;
			defaultConfigurationName = Release;
		};
/* End XCConfigurationList section */
	};
	rootObject = 93A177CC28BF42C800EA7787 /* Project object */;
}
